
Microsoft Visual Studio Solution File, Format Version 12.00
# Visual Studio 2012
Project("{FAE04EC0-301F-11D3-BF4B-00C04F79EFBC}") = "EFAppli5", "EFAppli5\EFAppli5.csproj", "{13EBE6F9-14C1-40DA-A1A3-02AC0407F327}"
EndProject
Global
	GlobalSection(SolutionConfigurationPlatforms) = preSolution
		Debug|Any CPU = Debug|Any CPU
		Release|Any CPU = Release|Any CPU
	EndGlobalSection
	GlobalSection(ProjectConfigurationPlatforms) = postSolution
		{13EBE6F9-14C1-40DA-A1A3-02AC0407F327}.Debug|Any CPU.ActiveCfg = Debug|Any CPU
		{13EBE6F9-14C1-40DA-A1A3-02AC0407F327}.Debug|Any CPU.Build.0 = Debug|Any CPU
		{13EBE6F9-14C1-40DA-A1A3-02AC0407F327}.Release|Any CPU.ActiveCfg = Release|Any CPU
		{13EBE6F9-14C1-40DA-A1A3-02AC0407F327}.Release|Any CPU.Build.0 = Release|Any CPU
	EndGlobalSection
	GlobalSection(SolutionProperties) = preSolution
		HideSolutionNode = FALSE
	EndGlobalSection
EndGlobal
